// !$*UTF8*$!
{
	archiveVersion = 1;
	classes = {
	};
	objectVersion = 52;
	objects = {

/* Begin PBXBuildFile section */
		074ED56A268F0397003483AD /* String+Extension.swift in Sources */ = {isa = PBXBuildFile; fileRef = 074ED569268F0397003483AD /* String+Extension.swift */; };
		074ED56C268F0D84003483AD /* DataFields.swift in Sources */ = {isa = PBXBuildFile; fileRef = 074ED56B268F0D84003483AD /* DataFields.swift */; };
		074ED56E268FC3D0003483AD /* AppNavigation.swift in Sources */ = {isa = PBXBuildFile; fileRef = 074ED56D268FC3D0003483AD /* AppNavigation.swift */; };
		074ED571268FC48A003483AD /* SwiftUICharts in Frameworks */ = {isa = PBXBuildFile; productRef = 074ED570268FC48A003483AD /* SwiftUICharts */; };
		074ED575268FC635003483AD /* ChartView.swift in Sources */ = {isa = PBXBuildFile; fileRef = 074ED574268FC635003483AD /* ChartView.swift */; };
		074ED578268FC6DB003483AD /* ChartViewModel.swift in Sources */ = {isa = PBXBuildFile; fileRef = 074ED577268FC6DB003483AD /* ChartViewModel.swift */; };
		07AD41002690B93E00CBB3EC /* HistoricalRowView.swift in Sources */ = {isa = PBXBuildFile; fileRef = 07AD40FF2690B93E00CBB3EC /* HistoricalRowView.swift */; };
		85800653268FA62800282BE2 /* StatItemView.swift in Sources */ = {isa = PBXBuildFile; fileRef = 85800652268FA62800282BE2 /* StatItemView.swift */; };
		85800655268FA6DD00282BE2 /* CovidLastTwoDaysDataService.swift in Sources */ = {isa = PBXBuildFile; fileRef = 85800654268FA6DD00282BE2 /* CovidLastTwoDaysDataService.swift */; };
		85800657268FAD6100282BE2 /* UpOrDown.swift in Sources */ = {isa = PBXBuildFile; fileRef = 85800656268FAD6100282BE2 /* UpOrDown.swift */; };
		85800659268FB6DF00282BE2 /* PreviewProvider+Extension.swift in Sources */ = {isa = PBXBuildFile; fileRef = 85800658268FB6DF00282BE2 /* PreviewProvider+Extension.swift */; };
		85DB65EB268EC4ED0078A4AF /* COVID_CombineApp.swift in Sources */ = {isa = PBXBuildFile; fileRef = 85DB65EA268EC4ED0078A4AF /* COVID_CombineApp.swift */; };
		85DB65EF268EC4EE0078A4AF /* Assets.xcassets in Resources */ = {isa = PBXBuildFile; fileRef = 85DB65EE268EC4EE0078A4AF /* Assets.xcassets */; };
		85DB65F2268EC4EE0078A4AF /* Preview Assets.xcassets in Resources */ = {isa = PBXBuildFile; fileRef = 85DB65F1268EC4EE0078A4AF /* Preview Assets.xcassets */; };
		85DB65FA268EC54B0078A4AF /* HomeView.swift in Sources */ = {isa = PBXBuildFile; fileRef = 85DB65F9268EC54B0078A4AF /* HomeView.swift */; };
		85DB65FD268EC5710078A4AF /* ColorExtension.swift in Sources */ = {isa = PBXBuildFile; fileRef = 85DB65FC268EC5710078A4AF /* ColorExtension.swift */; };
		85DB6603268ECD0D0078A4AF /* COVIDDataContainer.swift in Sources */ = {isa = PBXBuildFile; fileRef = 85DB6602268ECD0D0078A4AF /* COVIDDataContainer.swift */; };
		85DB6606268ECD890078A4AF /* CovidDataService.swift in Sources */ = {isa = PBXBuildFile; fileRef = 85DB6605268ECD890078A4AF /* CovidDataService.swift */; };
		85DB6609268ECE3E0078A4AF /* NetworkingManager.swift in Sources */ = {isa = PBXBuildFile; fileRef = 85DB6608268ECE3E0078A4AF /* NetworkingManager.swift */; };
		85DB660C268ECFAD0078A4AF /* HomeViewModel.swift in Sources */ = {isa = PBXBuildFile; fileRef = 85DB660B268ECFAD0078A4AF /* HomeViewModel.swift */; };
		85E8CEBA2690302500842878 /* HistoricalView.swift in Sources */ = {isa = PBXBuildFile; fileRef = 85E8CEB92690302500842878 /* HistoricalView.swift */; };
		85E8CEBC2690303E00842878 /* HistoricalViewModel.swift in Sources */ = {isa = PBXBuildFile; fileRef = 85E8CEBB2690303E00842878 /* HistoricalViewModel.swift */; };
		85E8CEBE269082CF00842878 /* HistoricalDetail.swift in Sources */ = {isa = PBXBuildFile; fileRef = 85E8CEBD269082CF00842878 /* HistoricalDetail.swift */; };
/* End PBXBuildFile section */

/* Begin PBXFileReference section */
		074ED569268F0397003483AD /* String+Extension.swift */ = {isa = PBXFileReference; lastKnownFileType = sourcecode.swift; path = "String+Extension.swift"; sourceTree = "<group>"; };
		074ED56B268F0D84003483AD /* DataFields.swift */ = {isa = PBXFileReference; lastKnownFileType = sourcecode.swift; path = DataFields.swift; sourceTree = "<group>"; };
		074ED56D268FC3D0003483AD /* AppNavigation.swift */ = {isa = PBXFileReference; lastKnownFileType = sourcecode.swift; path = AppNavigation.swift; sourceTree = "<group>"; };
		074ED574268FC635003483AD /* ChartView.swift */ = {isa = PBXFileReference; lastKnownFileType = sourcecode.swift; path = ChartView.swift; sourceTree = "<group>"; };
		074ED577268FC6DB003483AD /* ChartViewModel.swift */ = {isa = PBXFileReference; lastKnownFileType = sourcecode.swift; path = ChartViewModel.swift; sourceTree = "<group>"; };
		07AD40FF2690B93E00CBB3EC /* HistoricalRowView.swift */ = {isa = PBXFileReference; lastKnownFileType = sourcecode.swift; path = HistoricalRowView.swift; sourceTree = "<group>"; };
		85800652268FA62800282BE2 /* StatItemView.swift */ = {isa = PBXFileReference; lastKnownFileType = sourcecode.swift; path = StatItemView.swift; sourceTree = "<group>"; };
		85800654268FA6DD00282BE2 /* CovidLastTwoDaysDataService.swift */ = {isa = PBXFileReference; lastKnownFileType = sourcecode.swift; path = CovidLastTwoDaysDataService.swift; sourceTree = "<group>"; };
		85800656268FAD6100282BE2 /* UpOrDown.swift */ = {isa = PBXFileReference; lastKnownFileType = sourcecode.swift; path = UpOrDown.swift; sourceTree = "<group>"; };
		85800658268FB6DF00282BE2 /* PreviewProvider+Extension.swift */ = {isa = PBXFileReference; lastKnownFileType = sourcecode.swift; path = "PreviewProvider+Extension.swift"; sourceTree = "<group>"; };
		85DB65E7268EC4ED0078A4AF /* COVID Combine.app */ = {isa = PBXFileReference; explicitFileType = wrapper.application; includeInIndex = 0; path = "COVID Combine.app"; sourceTree = BUILT_PRODUCTS_DIR; };
		85DB65EA268EC4ED0078A4AF /* COVID_CombineApp.swift */ = {isa = PBXFileReference; lastKnownFileType = sourcecode.swift; path = COVID_CombineApp.swift; sourceTree = "<group>"; };
		85DB65EE268EC4EE0078A4AF /* Assets.xcassets */ = {isa = PBXFileReference; lastKnownFileType = folder.assetcatalog; path = Assets.xcassets; sourceTree = "<group>"; };
		85DB65F1268EC4EE0078A4AF /* Preview Assets.xcassets */ = {isa = PBXFileReference; lastKnownFileType = folder.assetcatalog; path = "Preview Assets.xcassets"; sourceTree = "<group>"; };
		85DB65F3268EC4EE0078A4AF /* Info.plist */ = {isa = PBXFileReference; lastKnownFileType = text.plist.xml; path = Info.plist; sourceTree = "<group>"; };
		85DB65F9268EC54B0078A4AF /* HomeView.swift */ = {isa = PBXFileReference; lastKnownFileType = sourcecode.swift; path = HomeView.swift; sourceTree = "<group>"; };
		85DB65FC268EC5710078A4AF /* ColorExtension.swift */ = {isa = PBXFileReference; lastKnownFileType = sourcecode.swift; path = ColorExtension.swift; sourceTree = "<group>"; };
		85DB6602268ECD0D0078A4AF /* COVIDDataContainer.swift */ = {isa = PBXFileReference; lastKnownFileType = sourcecode.swift; path = COVIDDataContainer.swift; sourceTree = "<group>"; };
		85DB6605268ECD890078A4AF /* CovidDataService.swift */ = {isa = PBXFileReference; lastKnownFileType = sourcecode.swift; path = CovidDataService.swift; sourceTree = "<group>"; };
		85DB6608268ECE3E0078A4AF /* NetworkingManager.swift */ = {isa = PBXFileReference; fileEncoding = 4; lastKnownFileType = sourcecode.swift; path = NetworkingManager.swift; sourceTree = "<group>"; };
		85DB660B268ECFAD0078A4AF /* HomeViewModel.swift */ = {isa = PBXFileReference; lastKnownFileType = sourcecode.swift; path = HomeViewModel.swift; sourceTree = "<group>"; };
		85E8CEB92690302500842878 /* HistoricalView.swift */ = {isa = PBXFileReference; lastKnownFileType = sourcecode.swift; path = HistoricalView.swift; sourceTree = "<group>"; };
		85E8CEBB2690303E00842878 /* HistoricalViewModel.swift */ = {isa = PBXFileReference; lastKnownFileType = sourcecode.swift; path = HistoricalViewModel.swift; sourceTree = "<group>"; };
		85E8CEBD269082CF00842878 /* HistoricalDetail.swift */ = {isa = PBXFileReference; lastKnownFileType = sourcecode.swift; path = HistoricalDetail.swift; sourceTree = "<group>"; };
/* End PBXFileReference section */

/* Begin PBXFrameworksBuildPhase section */
		85DB65E4268EC4ED0078A4AF /* Frameworks */ = {
			isa = PBXFrameworksBuildPhase;
			buildActionMask = 2147483647;
			files = (
				074ED571268FC48A003483AD /* SwiftUICharts in Frameworks */,
			);
			runOnlyForDeploymentPostprocessing = 0;
		};
/* End PBXFrameworksBuildPhase section */

/* Begin PBXGroup section */
		074ED572268FC61B003483AD /* Chart */ = {
			isa = PBXGroup;
			children = (
				074ED573268FC62C003483AD /* Views */,
				074ED576268FC6CF003483AD /* ViewModels */,
			);
			path = Chart;
			sourceTree = "<group>";
		};
		074ED573268FC62C003483AD /* Views */ = {
			isa = PBXGroup;
			children = (
				074ED574268FC635003483AD /* ChartView.swift */,
			);
			path = Views;
			sourceTree = "<group>";
		};
		074ED576268FC6CF003483AD /* ViewModels */ = {
			isa = PBXGroup;
			children = (
				074ED577268FC6DB003483AD /* ChartViewModel.swift */,
			);
			path = ViewModels;
			sourceTree = "<group>";
		};
		85800650268FA60C00282BE2 /* Components */ = {
			isa = PBXGroup;
			children = (
				85800651268FA61600282BE2 /* Views */,
			);
			path = Components;
			sourceTree = "<group>";
		};
		85800651268FA61600282BE2 /* Views */ = {
			isa = PBXGroup;
			children = (
				85800652268FA62800282BE2 /* StatItemView.swift */,
			);
			path = Views;
			sourceTree = "<group>";
		};
		85DB65DE268EC4ED0078A4AF = {
			isa = PBXGroup;
			children = (
				85DB65E9268EC4ED0078A4AF /* COVID Combine */,
				85DB65E8268EC4ED0078A4AF /* Products */,
			);
			sourceTree = "<group>";
		};
		85DB65E8268EC4ED0078A4AF /* Products */ = {
			isa = PBXGroup;
			children = (
				85DB65E7268EC4ED0078A4AF /* COVID Combine.app */,
			);
			name = Products;
			sourceTree = "<group>";
		};
		85DB65E9268EC4ED0078A4AF /* COVID Combine */ = {
			isa = PBXGroup;
			children = (
				85DB65EA268EC4ED0078A4AF /* COVID_CombineApp.swift */,
				074ED56D268FC3D0003483AD /* AppNavigation.swift */,
				85DB6607268ECE300078A4AF /* Utilities */,
				85DB65FB268EC55D0078A4AF /* Extensions */,
				85DB6604268ECD580078A4AF /* Services */,
				85DB6601268ECCE80078A4AF /* Models */,
				85DB65FE268EC7CA0078A4AF /* Core */,
				85DB65EE268EC4EE0078A4AF /* Assets.xcassets */,
				85DB65F3268EC4EE0078A4AF /* Info.plist */,
				85DB65F0268EC4EE0078A4AF /* Preview Content */,
			);
			path = "COVID Combine";
			sourceTree = "<group>";
		};
		85DB65F0268EC4EE0078A4AF /* Preview Content */ = {
			isa = PBXGroup;
			children = (
				85DB65F1268EC4EE0078A4AF /* Preview Assets.xcassets */,
			);
			path = "Preview Content";
			sourceTree = "<group>";
		};
		85DB65FB268EC55D0078A4AF /* Extensions */ = {
			isa = PBXGroup;
			children = (
				85DB65FC268EC5710078A4AF /* ColorExtension.swift */,
				074ED569268F0397003483AD /* String+Extension.swift */,
				85800658268FB6DF00282BE2 /* PreviewProvider+Extension.swift */,
			);
			path = Extensions;
			sourceTree = "<group>";
		};
		85DB65FE268EC7CA0078A4AF /* Core */ = {
			isa = PBXGroup;
			children = (
				85800650268FA60C00282BE2 /* Components */,
				85DB65FF268EC7D20078A4AF /* Home */,
				074ED572268FC61B003483AD /* Chart */,
				85E8CEB526902FED00842878 /* Historical */,
			);
			path = Core;
			sourceTree = "<group>";
		};
		85DB65FF268EC7D20078A4AF /* Home */ = {
			isa = PBXGroup;
			children = (
				85DB6600268EC7D70078A4AF /* Views */,
				85DB660A268ECF990078A4AF /* ViewModels */,
			);
			path = Home;
			sourceTree = "<group>";
		};
		85DB6600268EC7D70078A4AF /* Views */ = {
			isa = PBXGroup;
			children = (
				85DB65F9268EC54B0078A4AF /* HomeView.swift */,
			);
			path = Views;
			sourceTree = "<group>";
		};
		85DB6601268ECCE80078A4AF /* Models */ = {
			isa = PBXGroup;
			children = (
				85DB6602268ECD0D0078A4AF /* COVIDDataContainer.swift */,
				074ED56B268F0D84003483AD /* DataFields.swift */,
				85800656268FAD6100282BE2 /* UpOrDown.swift */,
			);
			path = Models;
			sourceTree = "<group>";
		};
		85DB6604268ECD580078A4AF /* Services */ = {
			isa = PBXGroup;
			children = (
				85DB6605268ECD890078A4AF /* CovidDataService.swift */,
				85800654268FA6DD00282BE2 /* CovidLastTwoDaysDataService.swift */,
			);
			path = Services;
			sourceTree = "<group>";
		};
		85DB6607268ECE300078A4AF /* Utilities */ = {
			isa = PBXGroup;
			children = (
				85DB6608268ECE3E0078A4AF /* NetworkingManager.swift */,
			);
			path = Utilities;
			sourceTree = "<group>";
		};
		85DB660A268ECF990078A4AF /* ViewModels */ = {
			isa = PBXGroup;
			children = (
				85DB660B268ECFAD0078A4AF /* HomeViewModel.swift */,
			);
			path = ViewModels;
			sourceTree = "<group>";
		};
		85E8CEB526902FED00842878 /* Historical */ = {
			isa = PBXGroup;
			children = (
				85E8CEB62690300600842878 /* Views */,
				85E8CEB82690301200842878 /* ViewModels */,
			);
			path = Historical;
			sourceTree = "<group>";
		};
		85E8CEB62690300600842878 /* Views */ = {
			isa = PBXGroup;
			children = (
				85E8CEB92690302500842878 /* HistoricalView.swift */,
				07AD40FF2690B93E00CBB3EC /* HistoricalRowView.swift */,
				85E8CEBD269082CF00842878 /* HistoricalDetail.swift */,
			);
			path = Views;
			sourceTree = "<group>";
		};
		85E8CEB82690301200842878 /* ViewModels */ = {
			isa = PBXGroup;
			children = (
				85E8CEBB2690303E00842878 /* HistoricalViewModel.swift */,
			);
			path = ViewModels;
			sourceTree = "<group>";
		};
/* End PBXGroup section */

/* Begin PBXNativeTarget section */
		85DB65E6268EC4ED0078A4AF /* COVID Combine */ = {
			isa = PBXNativeTarget;
			buildConfigurationList = 85DB65F6268EC4EE0078A4AF /* Build configuration list for PBXNativeTarget "COVID Combine" */;
			buildPhases = (
				85DB65E3268EC4ED0078A4AF /* Sources */,
				85DB65E4268EC4ED0078A4AF /* Frameworks */,
				85DB65E5268EC4ED0078A4AF /* Resources */,
			);
			buildRules = (
			);
			dependencies = (
			);
			name = "COVID Combine";
			packageProductDependencies = (
				074ED570268FC48A003483AD /* SwiftUICharts */,
			);
			productName = "COVID Combine";
			productReference = 85DB65E7268EC4ED0078A4AF /* COVID Combine.app */;
			productType = "com.apple.product-type.application";
		};
/* End PBXNativeTarget section */

/* Begin PBXProject section */
		85DB65DF268EC4ED0078A4AF /* Project object */ = {
			isa = PBXProject;
			attributes = {
				LastSwiftUpdateCheck = 1250;
				LastUpgradeCheck = 1250;
				TargetAttributes = {
					85DB65E6268EC4ED0078A4AF = {
						CreatedOnToolsVersion = 12.5.1;
					};
				};
			};
			buildConfigurationList = 85DB65E2268EC4ED0078A4AF /* Build configuration list for PBXProject "COVID Combine" */;
			compatibilityVersion = "Xcode 9.3";
			developmentRegion = en;
			hasScannedForEncodings = 0;
			knownRegions = (
				en,
				Base,
			);
			mainGroup = 85DB65DE268EC4ED0078A4AF;
			packageReferences = (
				074ED56F268FC48A003483AD /* XCRemoteSwiftPackageReference "SwiftUICharts" */,
			);
			productRefGroup = 85DB65E8268EC4ED0078A4AF /* Products */;
			projectDirPath = "";
			projectRoot = "";
			targets = (
				85DB65E6268EC4ED0078A4AF /* COVID Combine */,
			);
		};
/* End PBXProject section */

/* Begin PBXResourcesBuildPhase section */
		85DB65E5268EC4ED0078A4AF /* Resources */ = {
			isa = PBXResourcesBuildPhase;
			buildActionMask = 2147483647;
			files = (
				85DB65F2268EC4EE0078A4AF /* Preview Assets.xcassets in Resources */,
				85DB65EF268EC4EE0078A4AF /* Assets.xcassets in Resources */,
			);
			runOnlyForDeploymentPostprocessing = 0;
		};
/* End PBXResourcesBuildPhase section */

/* Begin PBXSourcesBuildPhase section */
		85DB65E3268EC4ED0078A4AF /* Sources */ = {
			isa = PBXSourcesBuildPhase;
			buildActionMask = 2147483647;
			files = (
				074ED578268FC6DB003483AD /* ChartViewModel.swift in Sources */,
				85DB65FA268EC54B0078A4AF /* HomeView.swift in Sources */,
				074ED56A268F0397003483AD /* String+Extension.swift in Sources */,
				074ED56C268F0D84003483AD /* DataFields.swift in Sources */,
				85E8CEBA2690302500842878 /* HistoricalView.swift in Sources */,
				85DB6603268ECD0D0078A4AF /* COVIDDataContainer.swift in Sources */,
				85DB660C268ECFAD0078A4AF /* HomeViewModel.swift in Sources */,
				85DB6606268ECD890078A4AF /* CovidDataService.swift in Sources */,
				85800657268FAD6100282BE2 /* UpOrDown.swift in Sources */,
				074ED575268FC635003483AD /* ChartView.swift in Sources */,
				85DB6609268ECE3E0078A4AF /* NetworkingManager.swift in Sources */,
				85DB65EB268EC4ED0078A4AF /* COVID_CombineApp.swift in Sources */,
				85800655268FA6DD00282BE2 /* CovidLastTwoDaysDataService.swift in Sources */,
				85E8CEBC2690303E00842878 /* HistoricalViewModel.swift in Sources */,
				85800659268FB6DF00282BE2 /* PreviewProvider+Extension.swift in Sources */,
				07AD41002690B93E00CBB3EC /* HistoricalRowView.swift in Sources */,
				074ED56E268FC3D0003483AD /* AppNavigation.swift in Sources */,
				85800653268FA62800282BE2 /* StatItemView.swift in Sources */,
				85E8CEBE269082CF00842878 /* HistoricalDetail.swift in Sources */,
				85DB65FD268EC5710078A4AF /* ColorExtension.swift in Sources */,
			);
			runOnlyForDeploymentPostprocessing = 0;
		};
/* End PBXSourcesBuildPhase section */

/* Begin XCBuildConfiguration section */
		85DB65F4268EC4EE0078A4AF /* Debug */ = {
			isa = XCBuildConfiguration;
			buildSettings = {
				ALWAYS_SEARCH_USER_PATHS = NO;
				CLANG_ANALYZER_NONNULL = YES;
				CLANG_ANALYZER_NUMBER_OBJECT_CONVERSION = YES_AGGRESSIVE;
				CLANG_CXX_LANGUAGE_STANDARD = "gnu++14";
				CLANG_CXX_LIBRARY = "libc++";
				CLANG_ENABLE_MODULES = YES;
				CLANG_ENABLE_OBJC_ARC = YES;
				CLANG_ENABLE_OBJC_WEAK = YES;
				CLANG_WARN_BLOCK_CAPTURE_AUTORELEASING = YES;
				CLANG_WARN_BOOL_CONVERSION = YES;
				CLANG_WARN_COMMA = YES;
				CLANG_WARN_CONSTANT_CONVERSION = YES;
				CLANG_WARN_DEPRECATED_OBJC_IMPLEMENTATIONS = YES;
				CLANG_WARN_DIRECT_OBJC_ISA_USAGE = YES_ERROR;
				CLANG_WARN_DOCUMENTATION_COMMENTS = YES;
				CLANG_WARN_EMPTY_BODY = YES;
				CLANG_WARN_ENUM_CONVERSION = YES;
				CLANG_WARN_INFINITE_RECURSION = YES;
				CLANG_WARN_INT_CONVERSION = YES;
				CLANG_WARN_NON_LITERAL_NULL_CONVERSION = YES;
				CLANG_WARN_OBJC_IMPLICIT_RETAIN_SELF = YES;
				CLANG_WARN_OBJC_LITERAL_CONVERSION = YES;
				CLANG_WARN_OBJC_ROOT_CLASS = YES_ERROR;
				CLANG_WARN_QUOTED_INCLUDE_IN_FRAMEWORK_HEADER = YES;
				CLANG_WARN_RANGE_LOOP_ANALYSIS = YES;
				CLANG_WARN_STRICT_PROTOTYPES = YES;
				CLANG_WARN_SUSPICIOUS_MOVE = YES;
				CLANG_WARN_UNGUARDED_AVAILABILITY = YES_AGGRESSIVE;
				CLANG_WARN_UNREACHABLE_CODE = YES;
				CLANG_WARN__DUPLICATE_METHOD_MATCH = YES;
				COPY_PHASE_STRIP = NO;
				DEBUG_INFORMATION_FORMAT = dwarf;
				ENABLE_STRICT_OBJC_MSGSEND = YES;
				ENABLE_TESTABILITY = YES;
				GCC_C_LANGUAGE_STANDARD = gnu11;
				GCC_DYNAMIC_NO_PIC = NO;
				GCC_NO_COMMON_BLOCKS = YES;
				GCC_OPTIMIZATION_LEVEL = 0;
				GCC_PREPROCESSOR_DEFINITIONS = (
					"DEBUG=1",
					"$(inherited)",
				);
				GCC_WARN_64_TO_32_BIT_CONVERSION = YES;
				GCC_WARN_ABOUT_RETURN_TYPE = YES_ERROR;
				GCC_WARN_UNDECLARED_SELECTOR = YES;
				GCC_WARN_UNINITIALIZED_AUTOS = YES_AGGRESSIVE;
				GCC_WARN_UNUSED_FUNCTION = YES;
				GCC_WARN_UNUSED_VARIABLE = YES;
				IPHONEOS_DEPLOYMENT_TARGET = 14.5;
				MTL_ENABLE_DEBUG_INFO = INCLUDE_SOURCE;
				MTL_FAST_MATH = YES;
				ONLY_ACTIVE_ARCH = YES;
				SDKROOT = iphoneos;
				SWIFT_ACTIVE_COMPILATION_CONDITIONS = DEBUG;
				SWIFT_OPTIMIZATION_LEVEL = "-Onone";
			};
			name = Debug;
		};
		85DB65F5268EC4EE0078A4AF /* Release */ = {
			isa = XCBuildConfiguration;
			buildSettings = {
				ALWAYS_SEARCH_USER_PATHS = NO;
				CLANG_ANALYZER_NONNULL = YES;
				CLANG_ANALYZER_NUMBER_OBJECT_CONVERSION = YES_AGGRESSIVE;
				CLANG_CXX_LANGUAGE_STANDARD = "gnu++14";
				CLANG_CXX_LIBRARY = "libc++";
				CLANG_ENABLE_MODULES = YES;
				CLANG_ENABLE_OBJC_ARC = YES;
				CLANG_ENABLE_OBJC_WEAK = YES;
				CLANG_WARN_BLOCK_CAPTURE_AUTORELEASING = YES;
				CLANG_WARN_BOOL_CONVERSION = YES;
				CLANG_WARN_COMMA = YES;
				CLANG_WARN_CONSTANT_CONVERSION = YES;
				CLANG_WARN_DEPRECATED_OBJC_IMPLEMENTATIONS = YES;
				CLANG_WARN_DIRECT_OBJC_ISA_USAGE = YES_ERROR;
				CLANG_WARN_DOCUMENTATION_COMMENTS = YES;
				CLANG_WARN_EMPTY_BODY = YES;
				CLANG_WARN_ENUM_CONVERSION = YES;
				CLANG_WARN_INFINITE_RECURSION = YES;
				CLANG_WARN_INT_CONVERSION = YES;
				CLANG_WARN_NON_LITERAL_NULL_CONVERSION = YES;
				CLANG_WARN_OBJC_IMPLICIT_RETAIN_SELF = YES;
				CLANG_WARN_OBJC_LITERAL_CONVERSION = YES;
				CLANG_WARN_OBJC_ROOT_CLASS = YES_ERROR;
				CLANG_WARN_QUOTED_INCLUDE_IN_FRAMEWORK_HEADER = YES;
				CLANG_WARN_RANGE_LOOP_ANALYSIS = YES;
				CLANG_WARN_STRICT_PROTOTYPES = YES;
				CLANG_WARN_SUSPICIOUS_MOVE = YES;
				CLANG_WARN_UNGUARDED_AVAILABILITY = YES_AGGRESSIVE;
				CLANG_WARN_UNREACHABLE_CODE = YES;
				CLANG_WARN__DUPLICATE_METHOD_MATCH = YES;
				COPY_PHASE_STRIP = NO;
				DEBUG_INFORMATION_FORMAT = "dwarf-with-dsym";
				ENABLE_NS_ASSERTIONS = NO;
				ENABLE_STRICT_OBJC_MSGSEND = YES;
				GCC_C_LANGUAGE_STANDARD = gnu11;
				GCC_NO_COMMON_BLOCKS = YES;
				GCC_WARN_64_TO_32_BIT_CONVERSION = YES;
				GCC_WARN_ABOUT_RETURN_TYPE = YES_ERROR;
				GCC_WARN_UNDECLARED_SELECTOR = YES;
				GCC_WARN_UNINITIALIZED_AUTOS = YES_AGGRESSIVE;
				GCC_WARN_UNUSED_FUNCTION = YES;
				GCC_WARN_UNUSED_VARIABLE = YES;
				IPHONEOS_DEPLOYMENT_TARGET = 14.5;
				MTL_ENABLE_DEBUG_INFO = NO;
				MTL_FAST_MATH = YES;
				SDKROOT = iphoneos;
				SWIFT_COMPILATION_MODE = wholemodule;
				SWIFT_OPTIMIZATION_LEVEL = "-O";
				VALIDATE_PRODUCT = YES;
			};
			name = Release;
		};
		85DB65F7268EC4EE0078A4AF /* Debug */ = {
			isa = XCBuildConfiguration;
			buildSettings = {
				ASSETCATALOG_COMPILER_APPICON_NAME = AppIcon;
				ASSETCATALOG_COMPILER_GLOBAL_ACCENT_COLOR_NAME = AccentColor;
				CODE_SIGN_STYLE = Automatic;
				DEVELOPMENT_ASSET_PATHS = "\"COVID Combine/Preview Content\"";
				DEVELOPMENT_TEAM = WT6X8FS3LW;
				ENABLE_PREVIEWS = YES;
				INFOPLIST_FILE = "COVID Combine/Info.plist";
				IPHONEOS_DEPLOYMENT_TARGET = 14.0;
				LD_RUNPATH_SEARCH_PATHS = (
					"$(inherited)",
					"@executable_path/Frameworks",
				);
				PRODUCT_BUNDLE_IDENTIFIER = "com.alansarigp.COVID-Combine";
				PRODUCT_NAME = "$(TARGET_NAME)";
				SWIFT_VERSION = 5.0;
				TARGETED_DEVICE_FAMILY = "1,2";
			};
			name = Debug;
		};
		85DB65F8268EC4EE0078A4AF /* Release */ = {
			isa = XCBuildConfiguration;
			buildSettings = {
				ASSETCATALOG_COMPILER_APPICON_NAME = AppIcon;
				ASSETCATALOG_COMPILER_GLOBAL_ACCENT_COLOR_NAME = AccentColor;
				CODE_SIGN_STYLE = Automatic;
				DEVELOPMENT_ASSET_PATHS = "\"COVID Combine/Preview Content\"";
				DEVELOPMENT_TEAM = WT6X8FS3LW;
				ENABLE_PREVIEWS = YES;
				INFOPLIST_FILE = "COVID Combine/Info.plist";
				IPHONEOS_DEPLOYMENT_TARGET = 14.0;
				LD_RUNPATH_SEARCH_PATHS = (
					"$(inherited)",
					"@executable_path/Frameworks",
				);
				PRODUCT_BUNDLE_IDENTIFIER = "com.alansarigp.COVID-Combine";
				PRODUCT_NAME = "$(TARGET_NAME)";
				SWIFT_VERSION = 5.0;
				TARGETED_DEVICE_FAMILY = "1,2";
			};
			name = Release;
		};
/* End XCBuildConfiguration section */

/* Begin XCConfigurationList section */
		85DB65E2268EC4ED0078A4AF /* Build configuration list for PBXProject "COVID Combine" */ = {
			isa = XCConfigurationList;
			buildConfigurations = (
				85DB65F4268EC4EE0078A4AF /* Debug */,
				85DB65F5268EC4EE0078A4AF /* Release */,
			);
			defaultConfigurationIsVisible = 0;
			defaultConfigurationName = Release;
		};
		85DB65F6268EC4EE0078A4AF /* Build configuration list for PBXNativeTarget "COVID Combine" */ = {
			isa = XCConfigurationList;
			buildConfigurations = (
				85DB65F7268EC4EE0078A4AF /* Debug */,
				85DB65F8268EC4EE0078A4AF /* Release */,
			);
			defaultConfigurationIsVisible = 0;
			defaultConfigurationName = Release;
		};
/* End XCConfigurationList section */

/* Begin XCRemoteSwiftPackageReference section */
		074ED56F268FC48A003483AD /* XCRemoteSwiftPackageReference "SwiftUICharts" */ = {
			isa = XCRemoteSwiftPackageReference;
			repositoryURL = "https://github.com/willdale/SwiftUICharts.git";
			requirement = {
				kind = upToNextMajorVersion;
				minimumVersion = 2.8.1;
			};
		};
/* End XCRemoteSwiftPackageReference section */

/* Begin XCSwiftPackageProductDependency section */
		074ED570268FC48A003483AD /* SwiftUICharts */ = {
			isa = XCSwiftPackageProductDependency;
			package = 074ED56F268FC48A003483AD /* XCRemoteSwiftPackageReference "SwiftUICharts" */;
			productName = SwiftUICharts;
		};
/* End XCSwiftPackageProductDependency section */
	};
	rootObject = 85DB65DF268EC4ED0078A4AF /* Project object */;
}
